lockfileVersion: '9.0'

settings:
  autoInstallPeers: true
  excludeLinksFromLockfile: false

importers:

  .:
    dependencies:
      commander:
        specifier: ^13.1.0
        version: 13.1.0
      filen:
        specifier: ^0.1.0
        version: 0.1.0
      fs-extra:
        specifier: ^11.3.0
        version: 11.3.0
      logil:
        specifier: ^0.1.0
        version: 0.1.0
    devDependencies:
      '@types/fs-extra':
        specifier: ^11.0.4
        version: 11.0.4
      '@types/node':
        specifier: ^22.14.0
        version: 22.14.0
      typescript:
        specifier: ^5.8.2
        version: 5.8.2
      zx:
        specifier: ^8.5.0
        version: 8.5.0

packages:

  '@types/fs-extra@11.0.4':
    resolution: {integrity: sha512-yTbItCNreRooED33qjunPthRcSjERP1r4MqCZc7wv0u2sUkzTFp45tgUfS5+r7FrZPdmCCNflLhVSP/o+SemsQ==}

  '@types/jsonfile@6.1.4':
    resolution: {integrity: sha512-D5qGUYwjvnNNextdU59/+fI+spnwtTFmyQP0h+PfIOSkNfpU6AOICUOkm4i0OnSk+NyjdPJrxCDro0sJsWlRpQ==}

  '@types/node@22.14.0':
    resolution: {integrity: sha512-Kmpl+z84ILoG+3T/zQFyAJsU6EPTmOCj8/2+83fSN6djd6I4o7uOuGIH6vq3PrjY5BGitSbFuMN18j3iknubbA==}

  chalk@5.4.1:
    resolution: {integrity: sha512-zgVZuo2WcZgfUEmsn6eO3kINexW8RAE4maiQ8QNs8CtpPCSyMiYsULR3HQYkm3w8FIA3SberyMJMSldGsW+U3w==}
    engines: {node: ^12.17.0 || ^14.13 || >=16.0.0}

  commander@13.1.0:
    resolution: {integrity: sha512-/rFeCpNJQbhSZjGVwO9RFV3xPqbnERS8MmIQzCtD/zl6gpJuV/bMLuN92oG3F7d8oDEHHRrujSXNUr8fpjntKw==}
    engines: {node: '>=18'}

  filen@0.1.0:
    resolution: {integrity: sha512-nvQZHagxbH9uwIby7OGBZ/rFIiBjef+S9WzgWTwB+JHju8C2VcqIFTc4kSJnwwH/FU4NOvEWtAkjmW9xhvOebg==}

  fs-extra@11.3.0:
    resolution: {integrity: sha512-Z4XaCL6dUDHfP/jT25jJKMmtxvuwbkrD1vNSMFlo9lNLY2c5FHYSQgHPRZUjAB26TpDEoW9HCOgplrdbaPV/ew==}
    engines: {node: '>=14.14'}

  graceful-fs@4.2.11:
    resolution: {integrity: sha512-RbJ5/jmFcNNCcDV5o9eTnBLJ/HszWV0P73bc+Ff4nS/rJj+YaS6IGyiOL0VoBYX+l1Wrl3k63h/KrH+nhJ0XvQ==}

  hyperlinker@1.0.0:
    resolution: {integrity: sha512-Ty8UblRWFEcfSuIaajM34LdPXIhbs1ajEX/BBPv24J+enSVaEVY63xQ6lTO9VRYS5LAoghIG0IDJ+p+IPzKUQQ==}
    engines: {node: '>=4'}

  jsonfile@6.1.0:
    resolution: {integrity: sha512-5dgndWOriYSm5cnYaJNhalLNDKOqFwyDB/rr1E9ZsGciGvKPs8R2xYGCacuf3z6K1YKDz182fd+fY3cn3pMqXQ==}

  logil@0.1.0:
    resolution: {integrity: sha512-eD7uegUvz7vI5ewMzD6+P4Pig2n0sHHW0wH4zA1oth0LEeOaCaNVmD3N59PCnT7RWdwsdwmxR+fUEYHfabwj1Q==}

  parcol@0.1.5:
    resolution: {integrity: sha512-iFFGyXcJquOYqJVx3jicAIhUm2MfdyCfgBhDcO3sTwtxyIrjPqmqGI+WYb+9h6iPZTLRxJHJ3LRHyhpMAGYLCA==}

  typescript@5.8.2:
    resolution: {integrity: sha512-aJn6wq13/afZp/jT9QZmwEjDqqvSGp1VT5GVg+f/t6/oVyrgXM6BY1h9BRh/O5p3PlUPAe+WuiEZOmb/49RqoQ==}
    engines: {node: '>=14.17'}
    hasBin: true

  undici-types@6.21.0:
    resolution: {integrity: sha512-iwDZqg0QAGrg9Rav5H4n0M64c3mkR59cJ6wQp+7C4nI0gsmExaedaYLNO44eT4AtBBwjbTiGPMlt2Md0T9H9JQ==}

  universalify@2.0.1:
    resolution: {integrity: sha512-gptHNQghINnc/vTGIk0SOFGFNXw7JVrlRUtConJRlvaw6DuX0wO5Jeko9sWrMBhh+PsYAZ7oXAiOnf/UKogyiw==}
    engines: {node: '>= 10.0.0'}

  zx@8.5.0:
    resolution: {integrity: sha512-XS5/oKOQxKNfG2sVO6TQQjZF5RqWGE5QGSUOCZZVTnvYr3RDBTdbX3IFmV9CrnycCAQWcY0hAD3DDUa4RJE4+w==}
    engines: {node: '>= 12.17.0'}
    hasBin: true

snapshots:

  '@types/fs-extra@11.0.4':
    dependencies:
      '@types/jsonfile': 6.1.4
      '@types/node': 22.14.0

  '@types/jsonfile@6.1.4':
    dependencies:
      '@types/node': 22.14.0

  '@types/node@22.14.0':
    dependencies:
      undici-types: 6.21.0

  chalk@5.4.1: {}

  commander@13.1.0: {}

  filen@0.1.0:
    dependencies:
      fs-extra: 11.3.0

  fs-extra@11.3.0:
    dependencies:
      graceful-fs: 4.2.11
      jsonfile: 6.1.0
      universalify: 2.0.1

  graceful-fs@4.2.11: {}

  hyperlinker@1.0.0: {}

  jsonfile@6.1.0:
    dependencies:
      universalify: 2.0.1
    optionalDependencies:
      graceful-fs: 4.2.11

  logil@0.1.0:
    dependencies:
      parcol: 0.1.5

  parcol@0.1.5:
    dependencies:
      chalk: 5.4.1
      hyperlinker: 1.0.0

  typescript@5.8.2: {}

  undici-types@6.21.0: {}

  universalify@2.0.1: {}

  zx@8.5.0: {}
